
Microsoft Visual Studio Solution File, Format Version 12.00
# Visual Studio 15
Project("{FAE04EC0-301F-11D3-BF4B-00C04F79EFBC}") = "replant", "replant.csproj", "{C2F17C5B-F0CE-6C3E-DA56-52A72CC574AD}"
EndProject
Project("{FAE04EC0-301F-11D3-BF4B-00C04F79EFBC}") = "replant.Editor", "replant.Editor.csproj", "{FEE37562-9EF8-58EC-428D-48EA768FCDA7}"
EndProject
Global
	GlobalSection(SolutionConfigurationPlatforms) = preSolution
		Debug|Any CPU = Debug|Any CPU
		Release|Any CPU = Release|Any CPU
	EndGlobalSection
	GlobalSection(ProjectConfigurationPlatforms) = postSolution
		{C2F17C5B-F0CE-6C3E-DA56-52A72CC574AD}.Debug|Any CPU.ActiveCfg = Debug|Any CPU
		{C2F17C5B-F0CE-6C3E-DA56-52A72CC574AD}.Debug|Any CPU.Build.0 = Debug|Any CPU
		{C2F17C5B-F0CE-6C3E-DA56-52A72CC574AD}.Release|Any CPU.ActiveCfg = Release|Any CPU
		{C2F17C5B-F0CE-6C3E-DA56-52A72CC574AD}.Release|Any CPU.Build.0 = Release|Any CPU
		{FEE37562-9EF8-58EC-428D-48EA768FCDA7}.Debug|Any CPU.ActiveCfg = Debug|Any CPU
		{FEE37562-9EF8-58EC-428D-48EA768FCDA7}.Debug|Any CPU.Build.0 = Debug|Any CPU
		{FEE37562-9EF8-58EC-428D-48EA768FCDA7}.Release|Any CPU.ActiveCfg = Release|Any CPU
		{FEE37562-9EF8-58EC-428D-48EA768FCDA7}.Release|Any CPU.Build.0 = Release|Any CPU
	EndGlobalSection
	GlobalSection(SolutionProperties) = preSolution
		HideSolutionNode = FALSE
	EndGlobalSection
EndGlobal
